// !$*UTF8*$!
{
	archiveVersion = 1;
	classes = {
	};
	objectVersion = 50;
	objects = {

/* Begin PBXBuildFile section */
		17047E612485FF4F00F71291 /* Background.swift in Sources */ = {isa = PBXBuildFile; fileRef = 17047E602485FF4F00F71291 /* Background.swift */; };
		171492B3247F8F0B00938304 /* AppDelegate.swift in Sources */ = {isa = PBXBuildFile; fileRef = 171492B2247F8F0B00938304 /* AppDelegate.swift */; };
		171492B5247F8F0B00938304 /* SceneDelegate.swift in Sources */ = {isa = PBXBuildFile; fileRef = 171492B4247F8F0B00938304 /* SceneDelegate.swift */; };
		171492B8247F8F0B00938304 /* DoIt.xcdatamodeld in Sources */ = {isa = PBXBuildFile; fileRef = 171492B6247F8F0B00938304 /* DoIt.xcdatamodeld */; };
		171492BA247F8F0B00938304 /* ContentView.swift in Sources */ = {isa = PBXBuildFile; fileRef = 171492B9247F8F0B00938304 /* ContentView.swift */; };
		171492BC247F8F0C00938304 /* Assets.xcassets in Resources */ = {isa = PBXBuildFile; fileRef = 171492BB247F8F0C00938304 /* Assets.xcassets */; };
		171492BF247F8F0C00938304 /* Preview Assets.xcassets in Resources */ = {isa = PBXBuildFile; fileRef = 171492BE247F8F0C00938304 /* Preview Assets.xcassets */; };
		171492C2247F8F0C00938304 /* LaunchScreen.storyboard in Resources */ = {isa = PBXBuildFile; fileRef = 171492C0247F8F0C00938304 /* LaunchScreen.storyboard */; };
		171492CD247F8F0C00938304 /* DoItTests.swift in Sources */ = {isa = PBXBuildFile; fileRef = 171492CC247F8F0C00938304 /* DoItTests.swift */; };
		171492D8247F8F0C00938304 /* DoItUITests.swift in Sources */ = {isa = PBXBuildFile; fileRef = 171492D7247F8F0C00938304 /* DoItUITests.swift */; };
		171492E6247F8F7700938304 /* ToDoList.swift in Sources */ = {isa = PBXBuildFile; fileRef = 171492E5247F8F7700938304 /* ToDoList.swift */; };
		171492E8247F8FD500938304 /* ListView.swift in Sources */ = {isa = PBXBuildFile; fileRef = 171492E7247F8FD500938304 /* ListView.swift */; };
		171492EA247F9ADB00938304 /* ToDoListRow.swift in Sources */ = {isa = PBXBuildFile; fileRef = 171492E9247F9ADB00938304 /* ToDoListRow.swift */; };
		176AA3A92488AFA600644C75 /* TouchGesture.swift in Sources */ = {isa = PBXBuildFile; fileRef = 176AA3A82488AFA600644C75 /* TouchGesture.swift */; };
		178F5384248B4653008CF90D /* ImportantTaskView.swift in Sources */ = {isa = PBXBuildFile; fileRef = 178F5383248B4653008CF90D /* ImportantTaskView.swift */; };
		178F5386248B4A83008CF90D /* MyDayTaskView.swift in Sources */ = {isa = PBXBuildFile; fileRef = 178F5385248B4A83008CF90D /* MyDayTaskView.swift */; };
		178F5388248B4BC7008CF90D /* PlannedTaskView.swift in Sources */ = {isa = PBXBuildFile; fileRef = 178F5387248B4BC7008CF90D /* PlannedTaskView.swift */; };
		17B27CF424829CA3004BCED9 /* CompletedTaskView.swift in Sources */ = {isa = PBXBuildFile; fileRef = 17B27CF324829CA3004BCED9 /* CompletedTaskView.swift */; };
		17B27CF624829E4A004BCED9 /* CompletedTaskRow.swift in Sources */ = {isa = PBXBuildFile; fileRef = 17B27CF524829E4A004BCED9 /* CompletedTaskRow.swift */; };
		17B27CF824836A8E004BCED9 /* TextAlert.swift in Sources */ = {isa = PBXBuildFile; fileRef = 17B27CF724836A8E004BCED9 /* TextAlert.swift */; };
		17E7F7792481FDF900F5F42E /* CustomDateFormatter.swift in Sources */ = {isa = PBXBuildFile; fileRef = 17E7F7782481FDF900F5F42E /* CustomDateFormatter.swift */; };
		17E7F77B24825EBB00F5F42E /* MultilineTextView.swift in Sources */ = {isa = PBXBuildFile; fileRef = 17E7F77A24825EBA00F5F42E /* MultilineTextView.swift */; };
		17EEE9B624800E1300F63AB9 /* Task.swift in Sources */ = {isa = PBXBuildFile; fileRef = 17EEE9B524800E1300F63AB9 /* Task.swift */; };
		17F52A062481471900075BEC /* TaskView.swift in Sources */ = {isa = PBXBuildFile; fileRef = 17F52A052481471900075BEC /* TaskView.swift */; };
		17F52A082481488500075BEC /* ToDoTaskRow.swift in Sources */ = {isa = PBXBuildFile; fileRef = 17F52A072481488500075BEC /* ToDoTaskRow.swift */; };
		17FA34AD248B581C00D6D6D8 /* TaskOptionView.swift in Sources */ = {isa = PBXBuildFile; fileRef = 17FA34AC248B581C00D6D6D8 /* TaskOptionView.swift */; };
		17FA34AF248BD33800D6D6D8 /* PlannedTaskRow.swift in Sources */ = {isa = PBXBuildFile; fileRef = 17FA34AE248BD33800D6D6D8 /* PlannedTaskRow.swift */; };
/* End PBXBuildFile section */

/* Begin PBXContainerItemProxy section */
		171492C9247F8F0C00938304 /* PBXContainerItemProxy */ = {
			isa = PBXContainerItemProxy;
			containerPortal = 171492A7247F8F0B00938304 /* Project object */;
			proxyType = 1;
			remoteGlobalIDString = 171492AE247F8F0B00938304;
			remoteInfo = DoIt;
		};
		171492D4247F8F0C00938304 /* PBXContainerItemProxy */ = {
			isa = PBXContainerItemProxy;
			containerPortal = 171492A7247F8F0B00938304 /* Project object */;
			proxyType = 1;
			remoteGlobalIDString = 171492AE247F8F0B00938304;
			remoteInfo = DoIt;
		};
/* End PBXContainerItemProxy section */

/* Begin PBXFileReference section */
		17047E602485FF4F00F71291 /* Background.swift */ = {isa = PBXFileReference; lastKnownFileType = sourcecode.swift; path = Background.swift; sourceTree = "<group>"; };
		171492AF247F8F0B00938304 /* DoIt.app */ = {isa = PBXFileReference; explicitFileType = wrapper.application; includeInIndex = 0; path = DoIt.app; sourceTree = BUILT_PRODUCTS_DIR; };
		171492B2247F8F0B00938304 /* AppDelegate.swift */ = {isa = PBXFileReference; lastKnownFileType = sourcecode.swift; path = AppDelegate.swift; sourceTree = "<group>"; };
		171492B4247F8F0B00938304 /* SceneDelegate.swift */ = {isa = PBXFileReference; lastKnownFileType = sourcecode.swift; path = SceneDelegate.swift; sourceTree = "<group>"; };
		171492B7247F8F0B00938304 /* DoIt.xcdatamodel */ = {isa = PBXFileReference; lastKnownFileType = wrapper.xcdatamodel; path = DoIt.xcdatamodel; sourceTree = "<group>"; };
		171492B9247F8F0B00938304 /* ContentView.swift */ = {isa = PBXFileReference; lastKnownFileType = sourcecode.swift; path = ContentView.swift; sourceTree = "<group>"; };
		171492BB247F8F0C00938304 /* Assets.xcassets */ = {isa = PBXFileReference; lastKnownFileType = folder.assetcatalog; path = Assets.xcassets; sourceTree = "<group>"; };
		171492BE247F8F0C00938304 /* Preview Assets.xcassets */ = {isa = PBXFileReference; lastKnownFileType = folder.assetcatalog; path = "Preview Assets.xcassets"; sourceTree = "<group>"; };
		171492C1247F8F0C00938304 /* Base */ = {isa = PBXFileReference; lastKnownFileType = file.storyboard; name = Base; path = Base.lproj/LaunchScreen.storyboard; sourceTree = "<group>"; };
		171492C3247F8F0C00938304 /* Info.plist */ = {isa = PBXFileReference; lastKnownFileType = text.plist.xml; path = Info.plist; sourceTree = "<group>"; };
		171492C8247F8F0C00938304 /* DoItTests.xctest */ = {isa = PBXFileReference; explicitFileType = wrapper.cfbundle; includeInIndex = 0; path = DoItTests.xctest; sourceTree = BUILT_PRODUCTS_DIR; };
		171492CC247F8F0C00938304 /* DoItTests.swift */ = {isa = PBXFileReference; lastKnownFileType = sourcecode.swift; path = DoItTests.swift; sourceTree = "<group>"; };
		171492CE247F8F0C00938304 /* Info.plist */ = {isa = PBXFileReference; lastKnownFileType = text.plist.xml; path = Info.plist; sourceTree = "<group>"; };
		171492D3247F8F0C00938304 /* DoItUITests.xctest */ = {isa = PBXFileReference; explicitFileType = wrapper.cfbundle; includeInIndex = 0; path = DoItUITests.xctest; sourceTree = BUILT_PRODUCTS_DIR; };
		171492D7247F8F0C00938304 /* DoItUITests.swift */ = {isa = PBXFileReference; lastKnownFileType = sourcecode.swift; path = DoItUITests.swift; sourceTree = "<group>"; };
		171492D9247F8F0C00938304 /* Info.plist */ = {isa = PBXFileReference; lastKnownFileType = text.plist.xml; path = Info.plist; sourceTree = "<group>"; };
		171492E5247F8F7700938304 /* ToDoList.swift */ = {isa = PBXFileReference; lastKnownFileType = sourcecode.swift; path = ToDoList.swift; sourceTree = "<group>"; };
		171492E7247F8FD500938304 /* ListView.swift */ = {isa = PBXFileReference; lastKnownFileType = sourcecode.swift; path = ListView.swift; sourceTree = "<group>"; };
		171492E9247F9ADB00938304 /* ToDoListRow.swift */ = {isa = PBXFileReference; lastKnownFileType = sourcecode.swift; path = ToDoListRow.swift; sourceTree = "<group>"; };
		176AA3A82488AFA600644C75 /* TouchGesture.swift */ = {isa = PBXFileReference; lastKnownFileType = sourcecode.swift; path = TouchGesture.swift; sourceTree = "<group>"; };
		178F5383248B4653008CF90D /* ImportantTaskView.swift */ = {isa = PBXFileReference; lastKnownFileType = sourcecode.swift; path = ImportantTaskView.swift; sourceTree = "<group>"; };
		178F5385248B4A83008CF90D /* MyDayTaskView.swift */ = {isa = PBXFileReference; lastKnownFileType = sourcecode.swift; path = MyDayTaskView.swift; sourceTree = "<group>"; };
		178F5387248B4BC7008CF90D /* PlannedTaskView.swift */ = {isa = PBXFileReference; lastKnownFileType = sourcecode.swift; path = PlannedTaskView.swift; sourceTree = "<group>"; };
		17B27CF324829CA3004BCED9 /* CompletedTaskView.swift */ = {isa = PBXFileReference; lastKnownFileType = sourcecode.swift; path = CompletedTaskView.swift; sourceTree = "<group>"; };
		17B27CF524829E4A004BCED9 /* CompletedTaskRow.swift */ = {isa = PBXFileReference; lastKnownFileType = sourcecode.swift; path = CompletedTaskRow.swift; sourceTree = "<group>"; };
		17B27CF724836A8E004BCED9 /* TextAlert.swift */ = {isa = PBXFileReference; lastKnownFileType = sourcecode.swift; path = TextAlert.swift; sourceTree = "<group>"; };
		17E7F7782481FDF900F5F42E /* CustomDateFormatter.swift */ = {isa = PBXFileReference; lastKnownFileType = sourcecode.swift; path = CustomDateFormatter.swift; sourceTree = "<group>"; };
		17E7F77A24825EBA00F5F42E /* MultilineTextView.swift */ = {isa = PBXFileReference; lastKnownFileType = sourcecode.swift; path = MultilineTextView.swift; sourceTree = "<group>"; };
		17EEE9B524800E1300F63AB9 /* Task.swift */ = {isa = PBXFileReference; lastKnownFileType = sourcecode.swift; path = Task.swift; sourceTree = "<group>"; };
		17F52A052481471900075BEC /* TaskView.swift */ = {isa = PBXFileReference; lastKnownFileType = sourcecode.swift; path = TaskView.swift; sourceTree = "<group>"; };
		17F52A072481488500075BEC /* ToDoTaskRow.swift */ = {isa = PBXFileReference; lastKnownFileType = sourcecode.swift; path = ToDoTaskRow.swift; sourceTree = "<group>"; };
		17FA34AC248B581C00D6D6D8 /* TaskOptionView.swift */ = {isa = PBXFileReference; indentWidth = 3; lastKnownFileType = sourcecode.swift; path = TaskOptionView.swift; sourceTree = "<group>"; };
		17FA34AE248BD33800D6D6D8 /* PlannedTaskRow.swift */ = {isa = PBXFileReference; lastKnownFileType = sourcecode.swift; path = PlannedTaskRow.swift; sourceTree = "<group>"; };
/* End PBXFileReference section */

/* Begin PBXFrameworksBuildPhase section */
		171492AC247F8F0B00938304 /* Frameworks */ = {
			isa = PBXFrameworksBuildPhase;
			buildActionMask = 2147483647;
			files = (
			);
			runOnlyForDeploymentPostprocessing = 0;
		};
		171492C5247F8F0C00938304 /* Frameworks */ = {
			isa = PBXFrameworksBuildPhase;
			buildActionMask = 2147483647;
			files = (
			);
			runOnlyForDeploymentPostprocessing = 0;
		};
		171492D0247F8F0C00938304 /* Frameworks */ = {
			isa = PBXFrameworksBuildPhase;
			buildActionMask = 2147483647;
			files = (
			);
			runOnlyForDeploymentPostprocessing = 0;
		};
/* End PBXFrameworksBuildPhase section */

/* Begin PBXGroup section */
		171492A6247F8F0B00938304 = {
			isa = PBXGroup;
			children = (
				171492B1247F8F0B00938304 /* DoIt */,
				171492CB247F8F0C00938304 /* DoItTests */,
				171492D6247F8F0C00938304 /* DoItUITests */,
				171492B0247F8F0B00938304 /* Products */,
			);
			sourceTree = "<group>";
		};
		171492B0247F8F0B00938304 /* Products */ = {
			isa = PBXGroup;
			children = (
				171492AF247F8F0B00938304 /* DoIt.app */,
				171492C8247F8F0C00938304 /* DoItTests.xctest */,
				171492D3247F8F0C00938304 /* DoItUITests.xctest */,
			);
			name = Products;
			sourceTree = "<group>";
		};
		171492B1247F8F0B00938304 /* DoIt */ = {
			isa = PBXGroup;
			children = (
				171492B2247F8F0B00938304 /* AppDelegate.swift */,
				171492B4247F8F0B00938304 /* SceneDelegate.swift */,
				171492B9247F8F0B00938304 /* ContentView.swift */,
				17E7F7782481FDF900F5F42E /* CustomDateFormatter.swift */,
				17047E602485FF4F00F71291 /* Background.swift */,
				17B27CF724836A8E004BCED9 /* TextAlert.swift */,
				176AA3A82488AFA600644C75 /* TouchGesture.swift */,
				171492E7247F8FD500938304 /* ListView.swift */,
				17F52A052481471900075BEC /* TaskView.swift */,
				178F5385248B4A83008CF90D /* MyDayTaskView.swift */,
				17FA34AC248B581C00D6D6D8 /* TaskOptionView.swift */,
				178F5387248B4BC7008CF90D /* PlannedTaskView.swift */,
				178F5383248B4653008CF90D /* ImportantTaskView.swift */,
				17B27CF324829CA3004BCED9 /* CompletedTaskView.swift */,
				17E7F77A24825EBA00F5F42E /* MultilineTextView.swift */,
				17F52A072481488500075BEC /* ToDoTaskRow.swift */,
				17FA34AE248BD33800D6D6D8 /* PlannedTaskRow.swift */,
				17B27CF524829E4A004BCED9 /* CompletedTaskRow.swift */,
				171492E9247F9ADB00938304 /* ToDoListRow.swift */,
				171492E5247F8F7700938304 /* ToDoList.swift */,
				17EEE9B524800E1300F63AB9 /* Task.swift */,
				171492BB247F8F0C00938304 /* Assets.xcassets */,
				171492C0247F8F0C00938304 /* LaunchScreen.storyboard */,
				171492C3247F8F0C00938304 /* Info.plist */,
				171492B6247F8F0B00938304 /* DoIt.xcdatamodeld */,
				171492BD247F8F0C00938304 /* Preview Content */,
			);
			path = DoIt;
			sourceTree = "<group>";
		};
		171492BD247F8F0C00938304 /* Preview Content */ = {
			isa = PBXGroup;
			children = (
				171492BE247F8F0C00938304 /* Preview Assets.xcassets */,
			);
			path = "Preview Content";
			sourceTree = "<group>";
		};
		171492CB247F8F0C00938304 /* DoItTests */ = {
			isa = PBXGroup;
			children = (
				171492CC247F8F0C00938304 /* DoItTests.swift */,
				171492CE247F8F0C00938304 /* Info.plist */,
			);
			path = DoItTests;
			sourceTree = "<group>";
		};
		171492D6247F8F0C00938304 /* DoItUITests */ = {
			isa = PBXGroup;
			children = (
				171492D7247F8F0C00938304 /* DoItUITests.swift */,
				171492D9247F8F0C00938304 /* Info.plist */,
			);
			path = DoItUITests;
			sourceTree = "<group>";
		};
/* End PBXGroup section */

/* Begin PBXNativeTarget section */
		171492AE247F8F0B00938304 /* DoIt */ = {
			isa = PBXNativeTarget;
			buildConfigurationList = 171492DC247F8F0C00938304 /* Build configuration list for PBXNativeTarget "DoIt" */;
			buildPhases = (
				171492AB247F8F0B00938304 /* Sources */,
				171492AC247F8F0B00938304 /* Frameworks */,
				171492AD247F8F0B00938304 /* Resources */,
			);
			buildRules = (
			);
			dependencies = (
			);
			name = DoIt;
			productName = DoIt;
			productReference = 171492AF247F8F0B00938304 /* DoIt.app */;
			productType = "com.apple.product-type.application";
		};
		171492C7247F8F0C00938304 /* DoItTests */ = {
			isa = PBXNativeTarget;
			buildConfigurationList = 171492DF247F8F0C00938304 /* Build configuration list for PBXNativeTarget "DoItTests" */;
			buildPhases = (
				171492C4247F8F0C00938304 /* Sources */,
				171492C5247F8F0C00938304 /* Frameworks */,
				171492C6247F8F0C00938304 /* Resources */,
			);
			buildRules = (
			);
			dependencies = (
				171492CA247F8F0C00938304 /* PBXTargetDependency */,
			);
			name = DoItTests;
			productName = DoItTests;
			productReference = 171492C8247F8F0C00938304 /* DoItTests.xctest */;
			productType = "com.apple.product-type.bundle.unit-test";
		};
		171492D2247F8F0C00938304 /* DoItUITests */ = {
			isa = PBXNativeTarget;
			buildConfigurationList = 171492E2247F8F0C00938304 /* Build configuration list for PBXNativeTarget "DoItUITests" */;
			buildPhases = (
				171492CF247F8F0C00938304 /* Sources */,
				171492D0247F8F0C00938304 /* Frameworks */,
				171492D1247F8F0C00938304 /* Resources */,
			);
			buildRules = (
			);
			dependencies = (
				171492D5247F8F0C00938304 /* PBXTargetDependency */,
			);
			name = DoItUITests;
			productName = DoItUITests;
			productReference = 171492D3247F8F0C00938304 /* DoItUITests.xctest */;
			productType = "com.apple.product-type.bundle.ui-testing";
		};
/* End PBXNativeTarget section */

/* Begin PBXProject section */
		171492A7247F8F0B00938304 /* Project object */ = {
			isa = PBXProject;
			attributes = {
				LastSwiftUpdateCheck = 1150;
				LastUpgradeCheck = 1150;
				ORGANIZATIONNAME = NTUT;
				TargetAttributes = {
					171492AE247F8F0B00938304 = {
						CreatedOnToolsVersion = 11.5;
					};
					171492C7247F8F0C00938304 = {
						CreatedOnToolsVersion = 11.5;
						TestTargetID = 171492AE247F8F0B00938304;
					};
					171492D2247F8F0C00938304 = {
						CreatedOnToolsVersion = 11.5;
						TestTargetID = 171492AE247F8F0B00938304;
					};
				};
			};
			buildConfigurationList = 171492AA247F8F0B00938304 /* Build configuration list for PBXProject "DoIt" */;
			compatibilityVersion = "Xcode 9.3";
			developmentRegion = en;
			hasScannedForEncodings = 0;
			knownRegions = (
				en,
				Base,
			);
			mainGroup = 171492A6247F8F0B00938304;
			productRefGroup = 171492B0247F8F0B00938304 /* Products */;
			projectDirPath = "";
			projectRoot = "";
			targets = (
				171492AE247F8F0B00938304 /* DoIt */,
				171492C7247F8F0C00938304 /* DoItTests */,
				171492D2247F8F0C00938304 /* DoItUITests */,
			);
		};
/* End PBXProject section */

/* Begin PBXResourcesBuildPhase section */
		171492AD247F8F0B00938304 /* Resources */ = {
			isa = PBXResourcesBuildPhase;
			buildActionMask = 2147483647;
			files = (
				171492C2247F8F0C00938304 /* LaunchScreen.storyboard in Resources */,
				171492BF247F8F0C00938304 /* Preview Assets.xcassets in Resources */,
				171492BC247F8F0C00938304 /* Assets.xcassets in Resources */,
			);
			runOnlyForDeploymentPostprocessing = 0;
		};
		171492C6247F8F0C00938304 /* Resources */ = {
			isa = PBXResourcesBuildPhase;
			buildActionMask = 2147483647;
			files = (
			);
			runOnlyForDeploymentPostprocessing = 0;
		};
		171492D1247F8F0C00938304 /* Resources */ = {
			isa = PBXResourcesBuildPhase;
			buildActionMask = 2147483647;
			files = (
			);
			runOnlyForDeploymentPostprocessing = 0;
		};
/* End PBXResourcesBuildPhase section */

/* Begin PBXSourcesBuildPhase section */
		171492AB247F8F0B00938304 /* Sources */ = {
			isa = PBXSourcesBuildPhase;
			buildActionMask = 2147483647;
			files = (
				17FA34AF248BD33800D6D6D8 /* PlannedTaskRow.swift in Sources */,
				178F5388248B4BC7008CF90D /* PlannedTaskView.swift in Sources */,
				17F52A062481471900075BEC /* TaskView.swift in Sources */,
				17E7F77B24825EBB00F5F42E /* MultilineTextView.swift in Sources */,
				178F5384248B4653008CF90D /* ImportantTaskView.swift in Sources */,
				17EEE9B624800E1300F63AB9 /* Task.swift in Sources */,
				17047E612485FF4F00F71291 /* Background.swift in Sources */,
				171492B8247F8F0B00938304 /* DoIt.xcdatamodeld in Sources */,
				171492B3247F8F0B00938304 /* AppDelegate.swift in Sources */,
				178F5386248B4A83008CF90D /* MyDayTaskView.swift in Sources */,
				171492E8247F8FD500938304 /* ListView.swift in Sources */,
				17B27CF824836A8E004BCED9 /* TextAlert.swift in Sources */,
				17FA34AD248B581C00D6D6D8 /* TaskOptionView.swift in Sources */,
				171492E6247F8F7700938304 /* ToDoList.swift in Sources */,
				17B27CF624829E4A004BCED9 /* CompletedTaskRow.swift in Sources */,
				171492BA247F8F0B00938304 /* ContentView.swift in Sources */,
				17B27CF424829CA3004BCED9 /* CompletedTaskView.swift in Sources */,
				171492B5247F8F0B00938304 /* SceneDelegate.swift in Sources */,
				171492EA247F9ADB00938304 /* ToDoListRow.swift in Sources */,
				176AA3A92488AFA600644C75 /* TouchGesture.swift in Sources */,
				17E7F7792481FDF900F5F42E /* CustomDateFormatter.swift in Sources */,
				17F52A082481488500075BEC /* ToDoTaskRow.swift in Sources */,
			);
			runOnlyForDeploymentPostprocessing = 0;
		};
		171492C4247F8F0C00938304 /* Sources */ = {
			isa = PBXSourcesBuildPhase;
			buildActionMask = 2147483647;
			files = (
				171492CD247F8F0C00938304 /* DoItTests.swift in Sources */,
			);
			runOnlyForDeploymentPostprocessing = 0;
		};
		171492CF247F8F0C00938304 /* Sources */ = {
			isa = PBXSourcesBuildPhase;
			buildActionMask = 2147483647;
			files = (
				171492D8247F8F0C00938304 /* DoItUITests.swift in Sources */,
			);
			runOnlyForDeploymentPostprocessing = 0;
		};
/* End PBXSourcesBuildPhase section */

/* Begin PBXTargetDependency section */
		171492CA247F8F0C00938304 /* PBXTargetDependency */ = {
			isa = PBXTargetDependency;
			target = 171492AE247F8F0B00938304 /* DoIt */;
			targetProxy = 171492C9247F8F0C00938304 /* PBXContainerItemProxy */;
		};
		171492D5247F8F0C00938304 /* PBXTargetDependency */ = {
			isa = PBXTargetDependency;
			target = 171492AE247F8F0B00938304 /* DoIt */;
			targetProxy = 171492D4247F8F0C00938304 /* PBXContainerItemProxy */;
		};
/* End PBXTargetDependency section */

/* Begin PBXVariantGroup section */
		171492C0247F8F0C00938304 /* LaunchScreen.storyboard */ = {
			isa = PBXVariantGroup;
			children = (
				171492C1247F8F0C00938304 /* Base */,
			);
			name = LaunchScreen.storyboard;
			sourceTree = "<group>";
		};
/* End PBXVariantGroup section */

/* Begin XCBuildConfiguration section */
		171492DA247F8F0C00938304 /* Debug */ = {
			isa = XCBuildConfiguration;
			buildSettings = {
				ALWAYS_SEARCH_USER_PATHS = NO;
				CLANG_ANALYZER_NONNULL = YES;
				CLANG_ANALYZER_NUMBER_OBJECT_CONVERSION = YES_AGGRESSIVE;
				CLANG_CXX_LANGUAGE_STANDARD = "gnu++14";
				CLANG_CXX_LIBRARY = "libc++";
				CLANG_ENABLE_MODULES = YES;
				CLANG_ENABLE_OBJC_ARC = YES;
				CLANG_ENABLE_OBJC_WEAK = YES;
				CLANG_WARN_BLOCK_CAPTURE_AUTORELEASING = YES;
				CLANG_WARN_BOOL_CONVERSION = YES;
				CLANG_WARN_COMMA = YES;
				CLANG_WARN_CONSTANT_CONVERSION = YES;
				CLANG_WARN_DEPRECATED_OBJC_IMPLEMENTATIONS = YES;
				CLANG_WARN_DIRECT_OBJC_ISA_USAGE = YES_ERROR;
				CLANG_WARN_DOCUMENTATION_COMMENTS = YES;
				CLANG_WARN_EMPTY_BODY = YES;
				CLANG_WARN_ENUM_CONVERSION = YES;
				CLANG_WARN_INFINITE_RECURSION = YES;
				CLANG_WARN_INT_CONVERSION = YES;
				CLANG_WARN_NON_LITERAL_NULL_CONVERSION = YES;
				CLANG_WARN_OBJC_IMPLICIT_RETAIN_SELF = YES;
				CLANG_WARN_OBJC_LITERAL_CONVERSION = YES;
				CLANG_WARN_OBJC_ROOT_CLASS = YES_ERROR;
				CLANG_WARN_RANGE_LOOP_ANALYSIS = YES;
				CLANG_WARN_STRICT_PROTOTYPES = YES;
				CLANG_WARN_SUSPICIOUS_MOVE = YES;
				CLANG_WARN_UNGUARDED_AVAILABILITY = YES_AGGRESSIVE;
				CLANG_WARN_UNREACHABLE_CODE = YES;
				CLANG_WARN__DUPLICATE_METHOD_MATCH = YES;
				COPY_PHASE_STRIP = NO;
				DEBUG_INFORMATION_FORMAT = dwarf;
				ENABLE_STRICT_OBJC_MSGSEND = YES;
				ENABLE_TESTABILITY = YES;
				GCC_C_LANGUAGE_STANDARD = gnu11;
				GCC_DYNAMIC_NO_PIC = NO;
				GCC_NO_COMMON_BLOCKS = YES;
				GCC_OPTIMIZATION_LEVEL = 0;
				GCC_PREPROCESSOR_DEFINITIONS = (
					"DEBUG=1",
					"$(inherited)",
				);
				GCC_WARN_64_TO_32_BIT_CONVERSION = YES;
				GCC_WARN_ABOUT_RETURN_TYPE = YES_ERROR;
				GCC_WARN_UNDECLARED_SELECTOR = YES;
				GCC_WARN_UNINITIALIZED_AUTOS = YES_AGGRESSIVE;
				GCC_WARN_UNUSED_FUNCTION = YES;
				GCC_WARN_UNUSED_VARIABLE = YES;
				IPHONEOS_DEPLOYMENT_TARGET = 13.5;
				MTL_ENABLE_DEBUG_INFO = INCLUDE_SOURCE;
				MTL_FAST_MATH = YES;
				ONLY_ACTIVE_ARCH = YES;
				SDKROOT = iphoneos;
				SWIFT_ACTIVE_COMPILATION_CONDITIONS = DEBUG;
				SWIFT_OPTIMIZATION_LEVEL = "-Onone";
			};
			name = Debug;
		};
		171492DB247F8F0C00938304 /* Release */ = {
			isa = XCBuildConfiguration;
			buildSettings = {
				ALWAYS_SEARCH_USER_PATHS = NO;
				CLANG_ANALYZER_NONNULL = YES;
				CLANG_ANALYZER_NUMBER_OBJECT_CONVERSION = YES_AGGRESSIVE;
				CLANG_CXX_LANGUAGE_STANDARD = "gnu++14";
				CLANG_CXX_LIBRARY = "libc++";
				CLANG_ENABLE_MODULES = YES;
				CLANG_ENABLE_OBJC_ARC = YES;
				CLANG_ENABLE_OBJC_WEAK = YES;
				CLANG_WARN_BLOCK_CAPTURE_AUTORELEASING = YES;
				CLANG_WARN_BOOL_CONVERSION = YES;
				CLANG_WARN_COMMA = YES;
				CLANG_WARN_CONSTANT_CONVERSION = YES;
				CLANG_WARN_DEPRECATED_OBJC_IMPLEMENTATIONS = YES;
				CLANG_WARN_DIRECT_OBJC_ISA_USAGE = YES_ERROR;
				CLANG_WARN_DOCUMENTATION_COMMENTS = YES;
				CLANG_WARN_EMPTY_BODY = YES;
				CLANG_WARN_ENUM_CONVERSION = YES;
				CLANG_WARN_INFINITE_RECURSION = YES;
				CLANG_WARN_INT_CONVERSION = YES;
				CLANG_WARN_NON_LITERAL_NULL_CONVERSION = YES;
				CLANG_WARN_OBJC_IMPLICIT_RETAIN_SELF = YES;
				CLANG_WARN_OBJC_LITERAL_CONVERSION = YES;
				CLANG_WARN_OBJC_ROOT_CLASS = YES_ERROR;
				CLANG_WARN_RANGE_LOOP_ANALYSIS = YES;
				CLANG_WARN_STRICT_PROTOTYPES = YES;
				CLANG_WARN_SUSPICIOUS_MOVE = YES;
				CLANG_WARN_UNGUARDED_AVAILABILITY = YES_AGGRESSIVE;
				CLANG_WARN_UNREACHABLE_CODE = YES;
				CLANG_WARN__DUPLICATE_METHOD_MATCH = YES;
				COPY_PHASE_STRIP = NO;
				DEBUG_INFORMATION_FORMAT = "dwarf-with-dsym";
				ENABLE_NS_ASSERTIONS = NO;
				ENABLE_STRICT_OBJC_MSGSEND = YES;
				GCC_C_LANGUAGE_STANDARD = gnu11;
				GCC_NO_COMMON_BLOCKS = YES;
				GCC_WARN_64_TO_32_BIT_CONVERSION = YES;
				GCC_WARN_ABOUT_RETURN_TYPE = YES_ERROR;
				GCC_WARN_UNDECLARED_SELECTOR = YES;
				GCC_WARN_UNINITIALIZED_AUTOS = YES_AGGRESSIVE;
				GCC_WARN_UNUSED_FUNCTION = YES;
				GCC_WARN_UNUSED_VARIABLE = YES;
				IPHONEOS_DEPLOYMENT_TARGET = 13.5;
				MTL_ENABLE_DEBUG_INFO = NO;
				MTL_FAST_MATH = YES;
				SDKROOT = iphoneos;
				SWIFT_COMPILATION_MODE = wholemodule;
				SWIFT_OPTIMIZATION_LEVEL = "-O";
				VALIDATE_PRODUCT = YES;
			};
			name = Release;
		};
		171492DD247F8F0C00938304 /* Debug */ = {
			isa = XCBuildConfiguration;
			buildSettings = {
				ASSETCATALOG_COMPILER_APPICON_NAME = AppIcon;
				CODE_SIGN_STYLE = Automatic;
				DEVELOPMENT_ASSET_PATHS = "\"DoIt/Preview Content\"";
				DEVELOPMENT_TEAM = 9S5B5BZZJ7;
				ENABLE_PREVIEWS = YES;
				INFOPLIST_FILE = DoIt/Info.plist;
				LD_RUNPATH_SEARCH_PATHS = (
					"$(inherited)",
					"@executable_path/Frameworks",
				);
				PRODUCT_BUNDLE_IDENTIFIER = NTUT.DoIt;
				PRODUCT_NAME = "$(TARGET_NAME)";
				SWIFT_VERSION = 5.0;
				TARGETED_DEVICE_FAMILY = "1,2";
			};
			name = Debug;
		};
		171492DE247F8F0C00938304 /* Release */ = {
			isa = XCBuildConfiguration;
			buildSettings = {
				ASSETCATALOG_COMPILER_APPICON_NAME = AppIcon;
				CODE_SIGN_STYLE = Automatic;
				DEVELOPMENT_ASSET_PATHS = "\"DoIt/Preview Content\"";
				DEVELOPMENT_TEAM = 9S5B5BZZJ7;
				ENABLE_PREVIEWS = YES;
				INFOPLIST_FILE = DoIt/Info.plist;
				LD_RUNPATH_SEARCH_PATHS = (
					"$(inherited)",
					"@executable_path/Frameworks",
				);
				PRODUCT_BUNDLE_IDENTIFIER = NTUT.DoIt;
				PRODUCT_NAME = "$(TARGET_NAME)";
				SWIFT_VERSION = 5.0;
				TARGETED_DEVICE_FAMILY = "1,2";
			};
			name = Release;
		};
		171492E0247F8F0C00938304 /* Debug */ = {
			isa = XCBuildConfiguration;
			buildSettings = {
				ALWAYS_EMBED_SWIFT_STANDARD_LIBRARIES = YES;
				BUNDLE_LOADER = "$(TEST_HOST)";
				CODE_SIGN_STYLE = Automatic;
				DEVELOPMENT_TEAM = 9S5B5BZZJ7;
				INFOPLIST_FILE = DoItTests/Info.plist;
				IPHONEOS_DEPLOYMENT_TARGET = 13.5;
				LD_RUNPATH_SEARCH_PATHS = (
					"$(inherited)",
					"@executable_path/Frameworks",
					"@loader_path/Frameworks",
				);
				PRODUCT_BUNDLE_IDENTIFIER = NTUT.DoItTests;
				PRODUCT_NAME = "$(TARGET_NAME)";
				SWIFT_VERSION = 5.0;
				TARGETED_DEVICE_FAMILY = "1,2";
				TEST_HOST = "$(BUILT_PRODUCTS_DIR)/DoIt.app/DoIt";
			};
			name = Debug;
		};
		171492E1247F8F0C00938304 /* Release */ = {
			isa = XCBuildConfiguration;
			buildSettings = {
				ALWAYS_EMBED_SWIFT_STANDARD_LIBRARIES = YES;
				BUNDLE_LOADER = "$(TEST_HOST)";
				CODE_SIGN_STYLE = Automatic;
				DEVELOPMENT_TEAM = 9S5B5BZZJ7;
				INFOPLIST_FILE = DoItTests/Info.plist;
				IPHONEOS_DEPLOYMENT_TARGET = 13.5;
				LD_RUNPATH_SEARCH_PATHS = (
					"$(inherited)",
					"@executable_path/Frameworks",
					"@loader_path/Frameworks",
				);
				PRODUCT_BUNDLE_IDENTIFIER = NTUT.DoItTests;
				PRODUCT_NAME = "$(TARGET_NAME)";
				SWIFT_VERSION = 5.0;
				TARGETED_DEVICE_FAMILY = "1,2";
				TEST_HOST = "$(BUILT_PRODUCTS_DIR)/DoIt.app/DoIt";
			};
			name = Release;
		};
		171492E3247F8F0C00938304 /* Debug */ = {
			isa = XCBuildConfiguration;
			buildSettings = {
				ALWAYS_EMBED_SWIFT_STANDARD_LIBRARIES = YES;
				CODE_SIGN_STYLE = Automatic;
				DEVELOPMENT_TEAM = 9S5B5BZZJ7;
				INFOPLIST_FILE = DoItUITests/Info.plist;
				LD_RUNPATH_SEARCH_PATHS = (
					"$(inherited)",
					"@executable_path/Frameworks",
					"@loader_path/Frameworks",
				);
				PRODUCT_BUNDLE_IDENTIFIER = NTUT.DoItUITests;
				PRODUCT_NAME = "$(TARGET_NAME)";
				SWIFT_VERSION = 5.0;
				TARGETED_DEVICE_FAMILY = "1,2";
				TEST_TARGET_NAME = DoIt;
			};
			name = Debug;
		};
		171492E4247F8F0C00938304 /* Release */ = {
			isa = XCBuildConfiguration;
			buildSettings = {
				ALWAYS_EMBED_SWIFT_STANDARD_LIBRARIES = YES;
				CODE_SIGN_STYLE = Automatic;
				DEVELOPMENT_TEAM = 9S5B5BZZJ7;
				INFOPLIST_FILE = DoItUITests/Info.plist;
				LD_RUNPATH_SEARCH_PATHS = (
					"$(inherited)",
					"@executable_path/Frameworks",
					"@loader_path/Frameworks",
				);
				PRODUCT_BUNDLE_IDENTIFIER = NTUT.DoItUITests;
				PRODUCT_NAME = "$(TARGET_NAME)";
				SWIFT_VERSION = 5.0;
				TARGETED_DEVICE_FAMILY = "1,2";
				TEST_TARGET_NAME = DoIt;
			};
			name = Release;
		};
/* End XCBuildConfiguration section */

/* Begin XCConfigurationList section */
		171492AA247F8F0B00938304 /* Build configuration list for PBXProject "DoIt" */ = {
			isa = XCConfigurationList;
			buildConfigurations = (
				171492DA247F8F0C00938304 /* Debug */,
				171492DB247F8F0C00938304 /* Release */,
			);
			defaultConfigurationIsVisible = 0;
			defaultConfigurationName = Release;
		};
		171492DC247F8F0C00938304 /* Build configuration list for PBXNativeTarget "DoIt" */ = {
			isa = XCConfigurationList;
			buildConfigurations = (
				171492DD247F8F0C00938304 /* Debug */,
				171492DE247F8F0C00938304 /* Release */,
			);
			defaultConfigurationIsVisible = 0;
			defaultConfigurationName = Release;
		};
		171492DF247F8F0C00938304 /* Build configuration list for PBXNativeTarget "DoItTests" */ = {
			isa = XCConfigurationList;
			buildConfigurations = (
				171492E0247F8F0C00938304 /* Debug */,
				171492E1247F8F0C00938304 /* Release */,
			);
			defaultConfigurationIsVisible = 0;
			defaultConfigurationName = Release;
		};
		171492E2247F8F0C00938304 /* Build configuration list for PBXNativeTarget "DoItUITests" */ = {
			isa = XCConfigurationList;
			buildConfigurations = (
				171492E3247F8F0C00938304 /* Debug */,
				171492E4247F8F0C00938304 /* Release */,
			);
			defaultConfigurationIsVisible = 0;
			defaultConfigurationName = Release;
		};
/* End XCConfigurationList section */

/* Begin XCVersionGroup section */
		171492B6247F8F0B00938304 /* DoIt.xcdatamodeld */ = {
			isa = XCVersionGroup;
			children = (
				171492B7247F8F0B00938304 /* DoIt.xcdatamodel */,
			);
			currentVersion = 171492B7247F8F0B00938304 /* DoIt.xcdatamodel */;
			path = DoIt.xcdatamodeld;
			sourceTree = "<group>";
			versionGroupType = wrapper.xcdatamodel;
		};
/* End XCVersionGroup section */
	};
	rootObject = 171492A7247F8F0B00938304 /* Project object */;
}
